// !$*UTF8*$!
{
	archiveVersion = 1;
	classes = {
	};
	objectVersion = 46;
	objects = {

/* Begin PBXBuildFile section */
		1D3623260D0F684500981E51 /* Prototype2AppDelegate.m in Sources */ = {isa = PBXBuildFile; fileRef = 1D3623250D0F684500981E51 /* Prototype2AppDelegate.m */; };
		1D60589B0D05DD56006BFB54 /* main.m in Sources */ = {isa = PBXBuildFile; fileRef = 29B97316FDCFA39411CA2CEA /* main.m */; };
		1D60589F0D05DD5A006BFB54 /* Foundation.framework in Frameworks */ = {isa = PBXBuildFile; fileRef = 1D30AB110D05D00D00671497 /* Foundation.framework */; };
		1DF5F4E00D08C38300B7A737 /* UIKit.framework in Frameworks */ = {isa = PBXBuildFile; fileRef = 1DF5F4DF0D08C38300B7A737 /* UIKit.framework */; };
		288765FD0DF74451002DB57D /* CoreGraphics.framework in Frameworks */ = {isa = PBXBuildFile; fileRef = 288765FC0DF74451002DB57D /* CoreGraphics.framework */; };
		28AD733F0D9D9553002E5188 /* MainWindow.xib in Resources */ = {isa = PBXBuildFile; fileRef = 28AD733E0D9D9553002E5188 /* MainWindow.xib */; };
		D92EE96E13E723D400B6FAD1 /* MainMenuViewController.m in Sources */ = {isa = PBXBuildFile; fileRef = D92EE96C13E723D400B6FAD1 /* MainMenuViewController.m */; };
		D92EE96F13E723D400B6FAD1 /* MainMenuViewController.xib in Resources */ = {isa = PBXBuildFile; fileRef = D92EE96D13E723D400B6FAD1 /* MainMenuViewController.xib */; };
		D92EE97313E723E900B6FAD1 /* SettingsViewController.m in Sources */ = {isa = PBXBuildFile; fileRef = D92EE97113E723E900B6FAD1 /* SettingsViewController.m */; };
		D92EE97413E723E900B6FAD1 /* SettingsViewController.xib in Resources */ = {isa = PBXBuildFile; fileRef = D92EE97213E723E900B6FAD1 /* SettingsViewController.xib */; };
		D92EE98C13E7247200B6FAD1 /* 469269248383486776.png in Resources */ = {isa = PBXBuildFile; fileRef = D92EE98013E7247200B6FAD1 /* 469269248383486776.png */; };
		D92EE98D13E7247200B6FAD1 /* CHILDREN.png in Resources */ = {isa = PBXBuildFile; fileRef = D92EE98113E7247200B6FAD1 /* CHILDREN.png */; };
		D92EE98E13E7247200B6FAD1 /* Classes.png in Resources */ = {isa = PBXBuildFile; fileRef = D92EE98213E7247200B6FAD1 /* Classes.png */; };
		D92EE98F13E7247200B6FAD1 /* columbia-logo.jpg in Resources */ = {isa = PBXBuildFile; fileRef = D92EE98313E7247200B6FAD1 /* columbia-logo.jpg */; };
		D92EE99013E7247200B6FAD1 /* ContentAreas.png in Resources */ = {isa = PBXBuildFile; fileRef = D92EE98413E7247200B6FAD1 /* ContentAreas.png */; };
		D92EE99113E7247200B6FAD1 /* Documentation.png in Resources */ = {isa = PBXBuildFile; fileRef = D92EE98513E7247200B6FAD1 /* Documentation.png */; };
		D92EE99213E7247200B6FAD1 /* Projects.png in Resources */ = {isa = PBXBuildFile; fileRef = D92EE98613E7247200B6FAD1 /* Projects.png */; };
		D92EE99313E7247200B6FAD1 /* Reports.png in Resources */ = {isa = PBXBuildFile; fileRef = D92EE98713E7247200B6FAD1 /* Reports.png */; };
		D92EE99413E7247200B6FAD1 /* Settings.png in Resources */ = {isa = PBXBuildFile; fileRef = D92EE98813E7247200B6FAD1 /* Settings.png */; };
		D92EE99513E7247200B6FAD1 /* StudentPortfolio.png in Resources */ = {isa = PBXBuildFile; fileRef = D92EE98913E7247200B6FAD1 /* StudentPortfolio.png */; };
		D92EE99613E7247200B6FAD1 /* ToBeFilled.png in Resources */ = {isa = PBXBuildFile; fileRef = D92EE98A13E7247200B6FAD1 /* ToBeFilled.png */; };
		D92EE99713E7247200B6FAD1 /* video.gif in Resources */ = {isa = PBXBuildFile; fileRef = D92EE98B13E7247200B6FAD1 /* video.gif */; };
		D9BEA51313E351AE0011BCF2 /* CameraViewController.m in Sources */ = {isa = PBXBuildFile; fileRef = D9EF1F9213E1E256000AFF91 /* CameraViewController.m */; };
		D9EF1F9513E1E256000AFF91 /* CameraViewController.xib in Resources */ = {isa = PBXBuildFile; fileRef = D9EF1F9313E1E256000AFF91 /* CameraViewController.xib */; };
		D9EF208813E21968000AFF91 /* smiley.png in Resources */ = {isa = PBXBuildFile; fileRef = D9EF208713E21968000AFF91 /* smiley.png */; };
/* End PBXBuildFile section */

/* Begin PBXFileReference section */
		1D30AB110D05D00D00671497 /* Foundation.framework */ = {isa = PBXFileReference; lastKnownFileType = wrapper.framework; name = Foundation.framework; path = System/Library/Frameworks/Foundation.framework; sourceTree = SDKROOT; };
		1D3623240D0F684500981E51 /* Prototype2AppDelegate.h */ = {isa = PBXFileReference; fileEncoding = 4; lastKnownFileType = sourcecode.c.h; path = Prototype2AppDelegate.h; sourceTree = "<group>"; };
		1D3623250D0F684500981E51 /* Prototype2AppDelegate.m */ = {isa = PBXFileReference; fileEncoding = 4; lastKnownFileType = sourcecode.c.objc; path = Prototype2AppDelegate.m; sourceTree = "<group>"; xcLanguageSpecificationIdentifier = xcode.lang.c; };
		1D6058910D05DD3D006BFB54 /* Prototype2.app */ = {isa = PBXFileReference; explicitFileType = wrapper.application; includeInIndex = 0; path = Prototype2.app; sourceTree = BUILT_PRODUCTS_DIR; };
		1DF5F4DF0D08C38300B7A737 /* UIKit.framework */ = {isa = PBXFileReference; lastKnownFileType = wrapper.framework; name = UIKit.framework; path = System/Library/Frameworks/UIKit.framework; sourceTree = SDKROOT; };
		288765FC0DF74451002DB57D /* CoreGraphics.framework */ = {isa = PBXFileReference; lastKnownFileType = wrapper.framework; name = CoreGraphics.framework; path = System/Library/Frameworks/CoreGraphics.framework; sourceTree = SDKROOT; };
		28AD733E0D9D9553002E5188 /* MainWindow.xib */ = {isa = PBXFileReference; lastKnownFileType = file.xib; path = MainWindow.xib; sourceTree = "<group>"; };
		29B97316FDCFA39411CA2CEA /* main.m */ = {isa = PBXFileReference; fileEncoding = 4; lastKnownFileType = sourcecode.c.objc; path = main.m; sourceTree = "<group>"; };
		32CA4F630368D1EE00C91783 /* Prototype2_Prefix.pch */ = {isa = PBXFileReference; fileEncoding = 4; lastKnownFileType = sourcecode.c.h; path = Prototype2_Prefix.pch; sourceTree = "<group>"; };
		8D1107310486CEB800E47090 /* Prototype2-Info.plist */ = {isa = PBXFileReference; fileEncoding = 4; lastKnownFileType = text.plist.xml; path = "Prototype2-Info.plist"; plistStructureDefinitionIdentifier = "com.apple.xcode.plist.structure-definition.iphone.info-plist"; sourceTree = "<group>"; };
		D92EE96B13E723D400B6FAD1 /* MainMenuViewController.h */ = {isa = PBXFileReference; fileEncoding = 4; lastKnownFileType = sourcecode.c.h; path = MainMenuViewController.h; sourceTree = "<group>"; };
		D92EE96C13E723D400B6FAD1 /* MainMenuViewController.m */ = {isa = PBXFileReference; fileEncoding = 4; lastKnownFileType = sourcecode.c.objc; path = MainMenuViewController.m; sourceTree = "<group>"; };
		D92EE96D13E723D400B6FAD1 /* MainMenuViewController.xib */ = {isa = PBXFileReference; lastKnownFileType = file.xib; name = MainMenuViewController.xib; path = Classes/MainMenuViewController.xib; sourceTree = "<group>"; };
		D92EE97013E723E900B6FAD1 /* SettingsViewController.h */ = {isa = PBXFileReference; fileEncoding = 4; lastKnownFileType = sourcecode.c.h; path = SettingsViewController.h; sourceTree = "<group>"; };
		D92EE97113E723E900B6FAD1 /* SettingsViewController.m */ = {isa = PBXFileReference; fileEncoding = 4; lastKnownFileType = sourcecode.c.objc; path = SettingsViewController.m; sourceTree = "<group>"; };
		D92EE97213E723E900B6FAD1 /* SettingsViewController.xib */ = {isa = PBXFileReference; lastKnownFileType = file.xib; name = SettingsViewController.xib; path = Classes/SettingsViewController.xib; sourceTree = "<group>"; };
		D92EE98013E7247200B6FAD1 /* 469269248383486776.png */ = {isa = PBXFileReference; lastKnownFileType = image.png; name = 469269248383486776.png; path = ../../../Desktop/Icons/469269248383486776.png; sourceTree = SOURCE_ROOT; };
		D92EE98113E7247200B6FAD1 /* CHILDREN.png */ = {isa = PBXFileReference; lastKnownFileType = image.png; name = CHILDREN.png; path = ../../../Desktop/Icons/CHILDREN.png; sourceTree = SOURCE_ROOT; };
		D92EE98213E7247200B6FAD1 /* Classes.png */ = {isa = PBXFileReference; lastKnownFileType = image.png; name = Classes.png; path = ../../../Desktop/Icons/Classes.png; sourceTree = SOURCE_ROOT; };
		D92EE98313E7247200B6FAD1 /* columbia-logo.jpg */ = {isa = PBXFileReference; lastKnownFileType = image.jpeg; name = "columbia-logo.jpg"; path = "../../../Desktop/Icons/columbia-logo.jpg"; sourceTree = SOURCE_ROOT; };
		D92EE98413E7247200B6FAD1 /* ContentAreas.png */ = {isa = PBXFileReference; lastKnownFileType = image.png; name = ContentAreas.png; path = ../../../Desktop/Icons/ContentAreas.png; sourceTree = SOURCE_ROOT; };
		D92EE98513E7247200B6FAD1 /* Documentation.png */ = {isa = PBXFileReference; lastKnownFileType = image.png; name = Documentation.png; path = ../../../Desktop/Icons/Documentation.png; sourceTree = SOURCE_ROOT; };
		D92EE98613E7247200B6FAD1 /* Projects.png */ = {isa = PBXFileReference; lastKnownFileType = image.png; name = Projects.png; path = ../../../Desktop/Icons/Projects.png; sourceTree = SOURCE_ROOT; };
		D92EE98713E7247200B6FAD1 /* Reports.png */ = {isa = PBXFileReference; lastKnownFileType = image.png; name = Reports.png; path = ../../../Desktop/Icons/Reports.png; sourceTree = SOURCE_ROOT; };
		D92EE98813E7247200B6FAD1 /* Settings.png */ = {isa = PBXFileReference; lastKnownFileType = image.png; name = Settings.png; path = ../../../Desktop/Icons/Settings.png; sourceTree = SOURCE_ROOT; };
		D92EE98913E7247200B6FAD1 /* StudentPortfolio.png */ = {isa = PBXFileReference; lastKnownFileType = image.png; name = StudentPortfolio.png; path = ../../../Desktop/Icons/StudentPortfolio.png; sourceTree = SOURCE_ROOT; };
		D92EE98A13E7247200B6FAD1 /* ToBeFilled.png */ = {isa = PBXFileReference; lastKnownFileType = image.png; name = ToBeFilled.png; path = ../../../Desktop/Icons/ToBeFilled.png; sourceTree = SOURCE_ROOT; };
		D92EE98B13E7247200B6FAD1 /* video.gif */ = {isa = PBXFileReference; lastKnownFileType = image.gif; name = video.gif; path = ../../../Desktop/Icons/video.gif; sourceTree = SOURCE_ROOT; };
		D9EF1F9113E1E256000AFF91 /* CameraViewController.h */ = {isa = PBXFileReference; fileEncoding = 4; lastKnownFileType = sourcecode.c.h; name = CameraViewController.h; path = ../CameraViewController.h; sourceTree = "<group>"; };
		D9EF1F9213E1E256000AFF91 /* CameraViewController.m */ = {isa = PBXFileReference; fileEncoding = 4; lastKnownFileType = sourcecode.c.objc; name = CameraViewController.m; path = ../CameraViewController.m; sourceTree = "<group>"; };
		D9EF1F9313E1E256000AFF91 /* CameraViewController.xib */ = {isa = PBXFileReference; lastKnownFileType = file.xib; path = CameraViewController.xib; sourceTree = "<group>"; };
		D9EF208713E21968000AFF91 /* smiley.png */ = {isa = PBXFileReference; lastKnownFileType = image.png; path = smiley.png; sourceTree = "<group>"; };
/* End PBXFileReference section */

/* Begin PBXFrameworksBuildPhase section */
		1D60588F0D05DD3D006BFB54 /* Frameworks */ = {
			isa = PBXFrameworksBuildPhase;
			buildActionMask = 2147483647;
			files = (
				1D60589F0D05DD5A006BFB54 /* Foundation.framework in Frameworks */,
				1DF5F4E00D08C38300B7A737 /* UIKit.framework in Frameworks */,
				288765FD0DF74451002DB57D /* CoreGraphics.framework in Frameworks */,
			);
			runOnlyForDeploymentPostprocessing = 0;
		};
/* End PBXFrameworksBuildPhase section */

/* Begin PBXGroup section */
		080E96DDFE201D6D7F000001 /* Classes */ = {
			isa = PBXGroup;
			children = (
				1D3623240D0F684500981E51 /* Prototype2AppDelegate.h */,
				1D3623250D0F684500981E51 /* Prototype2AppDelegate.m */,
				D9EF1F9113E1E256000AFF91 /* CameraViewController.h */,
				D9EF1F9213E1E256000AFF91 /* CameraViewController.m */,
				D92EE96B13E723D400B6FAD1 /* MainMenuViewController.h */,
				D92EE96C13E723D400B6FAD1 /* MainMenuViewController.m */,
				D92EE97013E723E900B6FAD1 /* SettingsViewController.h */,
				D92EE97113E723E900B6FAD1 /* SettingsViewController.m */,
			);
			path = Classes;
			sourceTree = "<group>";
		};
		19C28FACFE9D520D11CA2CBB /* Products */ = {
			isa = PBXGroup;
			children = (
				1D6058910D05DD3D006BFB54 /* Prototype2.app */,
			);
			name = Products;
			sourceTree = "<group>";
		};
		29B97314FDCFA39411CA2CEA /* CustomTemplate */ = {
			isa = PBXGroup;
			children = (
				080E96DDFE201D6D7F000001 /* Classes */,
				29B97315FDCFA39411CA2CEA /* Other Sources */,
				29B97317FDCFA39411CA2CEA /* Resources */,
				29B97323FDCFA39411CA2CEA /* Frameworks */,
				19C28FACFE9D520D11CA2CBB /* Products */,
			);
			name = CustomTemplate;
			sourceTree = "<group>";
		};
		29B97315FDCFA39411CA2CEA /* Other Sources */ = {
			isa = PBXGroup;
			children = (
				32CA4F630368D1EE00C91783 /* Prototype2_Prefix.pch */,
				29B97316FDCFA39411CA2CEA /* main.m */,
			);
			name = "Other Sources";
			sourceTree = "<group>";
		};
		29B97317FDCFA39411CA2CEA /* Resources */ = {
			isa = PBXGroup;
			children = (
				D92EE97D13E7246500B6FAD1 /* Images */,
				D9EF208713E21968000AFF91 /* smiley.png */,
				D92EE97213E723E900B6FAD1 /* SettingsViewController.xib */,
				D92EE96D13E723D400B6FAD1 /* MainMenuViewController.xib */,
				D9EF1F9313E1E256000AFF91 /* CameraViewController.xib */,
				28AD733E0D9D9553002E5188 /* MainWindow.xib */,
				8D1107310486CEB800E47090 /* Prototype2-Info.plist */,
			);
			name = Resources;
			sourceTree = "<group>";
		};
		29B97323FDCFA39411CA2CEA /* Frameworks */ = {
			isa = PBXGroup;
			children = (
				1DF5F4DF0D08C38300B7A737 /* UIKit.framework */,
				1D30AB110D05D00D00671497 /* Foundation.framework */,
				288765FC0DF74451002DB57D /* CoreGraphics.framework */,
			);
			name = Frameworks;
			sourceTree = "<group>";
		};
		D92EE97D13E7246500B6FAD1 /* Images */ = {
			isa = PBXGroup;
			children = (
				D92EE98013E7247200B6FAD1 /* 469269248383486776.png */,
				D92EE98113E7247200B6FAD1 /* CHILDREN.png */,
				D92EE98213E7247200B6FAD1 /* Classes.png */,
				D92EE98313E7247200B6FAD1 /* columbia-logo.jpg */,
				D92EE98413E7247200B6FAD1 /* ContentAreas.png */,
				D92EE98513E7247200B6FAD1 /* Documentation.png */,
				D92EE98613E7247200B6FAD1 /* Projects.png */,
				D92EE98713E7247200B6FAD1 /* Reports.png */,
				D92EE98813E7247200B6FAD1 /* Settings.png */,
				D92EE98913E7247200B6FAD1 /* StudentPortfolio.png */,
				D92EE98A13E7247200B6FAD1 /* ToBeFilled.png */,
				D92EE98B13E7247200B6FAD1 /* video.gif */,
			);
			name = Images;
			sourceTree = "<group>";
		};
/* End PBXGroup section */

/* Begin PBXNativeTarget section */
		1D6058900D05DD3D006BFB54 /* Prototype2 */ = {
			isa = PBXNativeTarget;
			buildConfigurationList = 1D6058960D05DD3E006BFB54 /* Build configuration list for PBXNativeTarget "Prototype2" */;
			buildPhases = (
				1D60588D0D05DD3D006BFB54 /* Resources */,
				1D60588E0D05DD3D006BFB54 /* Sources */,
				1D60588F0D05DD3D006BFB54 /* Frameworks */,
			);
			buildRules = (
			);
			dependencies = (
			);
			name = Prototype2;
			productName = Prototype2;
			productReference = 1D6058910D05DD3D006BFB54 /* Prototype2.app */;
			productType = "com.apple.product-type.application";
		};
/* End PBXNativeTarget section */

/* Begin PBXProject section */
		29B97313FDCFA39411CA2CEA /* Project object */ = {
			isa = PBXProject;
			buildConfigurationList = C01FCF4E08A954540054247B /* Build configuration list for PBXProject "Prototype2" */;
			compatibilityVersion = "Xcode 3.2";
			developmentRegion = English;
			hasScannedForEncodings = 1;
			knownRegions = (
				English,
				Japanese,
				French,
				German,
			);
			mainGroup = 29B97314FDCFA39411CA2CEA /* CustomTemplate */;
			projectDirPath = "";
			projectRoot = "";
			targets = (
				1D6058900D05DD3D006BFB54 /* Prototype2 */,
			);
		};
/* End PBXProject section */

/* Begin PBXResourcesBuildPhase section */
		1D60588D0D05DD3D006BFB54 /* Resources */ = {
			isa = PBXResourcesBuildPhase;
			buildActionMask = 2147483647;
			files = (
				28AD733F0D9D9553002E5188 /* MainWindow.xib in Resources */,
				D9EF1F9513E1E256000AFF91 /* CameraViewController.xib in Resources */,
				D9EF208813E21968000AFF91 /* smiley.png in Resources */,
				D92EE96F13E723D400B6FAD1 /* MainMenuViewController.xib in Resources */,
				D92EE97413E723E900B6FAD1 /* SettingsViewController.xib in Resources */,
				D92EE98C13E7247200B6FAD1 /* 469269248383486776.png in Resources */,
				D92EE98D13E7247200B6FAD1 /* CHILDREN.png in Resources */,
				D92EE98E13E7247200B6FAD1 /* Classes.png in Resources */,
				D92EE98F13E7247200B6FAD1 /* columbia-logo.jpg in Resources */,
				D92EE99013E7247200B6FAD1 /* ContentAreas.png in Resources */,
				D92EE99113E7247200B6FAD1 /* Documentation.png in Resources */,
				D92EE99213E7247200B6FAD1 /* Projects.png in Resources */,
				D92EE99313E7247200B6FAD1 /* Reports.png in Resources */,
				D92EE99413E7247200B6FAD1 /* Settings.png in Resources */,
				D92EE99513E7247200B6FAD1 /* StudentPortfolio.png in Resources */,
				D92EE99613E7247200B6FAD1 /* ToBeFilled.png in Resources */,
				D92EE99713E7247200B6FAD1 /* video.gif in Resources */,
			);
			runOnlyForDeploymentPostprocessing = 0;
		};
/* End PBXResourcesBuildPhase section */

/* Begin PBXSourcesBuildPhase section */
		1D60588E0D05DD3D006BFB54 /* Sources */ = {
			isa = PBXSourcesBuildPhase;
			buildActionMask = 2147483647;
			files = (
				1D60589B0D05DD56006BFB54 /* main.m in Sources */,
				1D3623260D0F684500981E51 /* Prototype2AppDelegate.m in Sources */,
				D9BEA51313E351AE0011BCF2 /* CameraViewController.m in Sources */,
				D92EE96E13E723D400B6FAD1 /* MainMenuViewController.m in Sources */,
				D92EE97313E723E900B6FAD1 /* SettingsViewController.m in Sources */,
			);
			runOnlyForDeploymentPostprocessing = 0;
		};
/* End PBXSourcesBuildPhase section */

/* Begin XCBuildConfiguration section */
		1D6058940D05DD3E006BFB54 /* Debug */ = {
			isa = XCBuildConfiguration;
			buildSettings = {
				ALWAYS_SEARCH_USER_PATHS = NO;
				COPY_PHASE_STRIP = NO;
				GCC_DYNAMIC_NO_PIC = NO;
				GCC_OPTIMIZATION_LEVEL = 0;
				GCC_PRECOMPILE_PREFIX_HEADER = YES;
				GCC_PREFIX_HEADER = Prototype2_Prefix.pch;
				INFOPLIST_FILE = "Prototype2-Info.plist";
				PRODUCT_NAME = Prototype2;
			};
			name = Debug;
		};
		1D6058950D05DD3E006BFB54 /* Release */ = {
			isa = XCBuildConfiguration;
			buildSettings = {
				ALWAYS_SEARCH_USER_PATHS = NO;
				COPY_PHASE_STRIP = YES;
				GCC_PRECOMPILE_PREFIX_HEADER = YES;
				GCC_PREFIX_HEADER = Prototype2_Prefix.pch;
				INFOPLIST_FILE = "Prototype2-Info.plist";
				PRODUCT_NAME = Prototype2;
				VALIDATE_PRODUCT = YES;
			};
			name = Release;
		};
		C01FCF4F08A954540054247B /* Debug */ = {
			isa = XCBuildConfiguration;
			buildSettings = {
				ARCHS = "$(ARCHS_UNIVERSAL_IPHONE_OS)";
				"CODE_SIGN_IDENTITY[sdk=iphoneos*]" = "iPhone Developer";
				GCC_C_LANGUAGE_STANDARD = c99;
				GCC_WARN_ABOUT_RETURN_TYPE = YES;
				GCC_WARN_UNUSED_VARIABLE = YES;
				PREBINDING = NO;
				SDKROOT = iphoneos;
				TARGETED_DEVICE_FAMILY = 2;
			};
			name = Debug;
		};
		C01FCF5008A954540054247B /* Release */ = {
			isa = XCBuildConfiguration;
			buildSettings = {
				ARCHS = "$(ARCHS_UNIVERSAL_IPHONE_OS)";
				"CODE_SIGN_IDENTITY[sdk=iphoneos*]" = "iPhone Developer";
				GCC_C_LANGUAGE_STANDARD = c99;
				GCC_WARN_ABOUT_RETURN_TYPE = YES;
				GCC_WARN_UNUSED_VARIABLE = YES;
				OTHER_CFLAGS = "-DNS_BLOCK_ASSERTIONS=1";
				PREBINDING = NO;
				SDKROOT = iphoneos;
				TARGETED_DEVICE_FAMILY = 2;
			};
			name = Release;
		};
/* End XCBuildConfiguration section */

/* Begin XCConfigurationList section */
		1D6058960D05DD3E006BFB54 /* Build configuration list for PBXNativeTarget "Prototype2" */ = {
			isa = XCConfigurationList;
			buildConfigurations = (
				1D6058940D05DD3E006BFB54 /* Debug */,
				1D6058950D05DD3E006BFB54 /* Release */,
			);
			defaultConfigurationIsVisible = 0;
			defaultConfigurationName = Release;
		};
		C01FCF4E08A954540054247B /* Build configuration list for PBXProject "Prototype2" */ = {
			isa = XCConfigurationList;
			buildConfigurations = (
				C01FCF4F08A954540054247B /* Debug */,
				C01FCF5008A954540054247B /* Release */,
			);
			defaultConfigurationIsVisible = 0;
			defaultConfigurationName = Release;
		};
/* End XCConfigurationList section */
	};
	rootObject = 29B97313FDCFA39411CA2CEA /* Project object */;
}
